
Microsoft Visual Studio Solution File, Format Version 12.00
# Visual Studio Version 17
VisualStudioVersion = 17.8.34525.116
MinimumVisualStudioVersion = 10.0.40219.1
Project("{9A19103F-16F7-4668-BE54-9A1E7A4F7556}") = "MauiAppFilmes", "MauiAppFilmes\MauiAppFilmes.csproj", "{1673C881-D17E-4178-B14E-87ED2A28C9EF}"
EndProject
Global
	GlobalSection(SolutionConfigurationPlatforms) = preSolution
		Debug|Any CPU = Debug|Any CPU
		Release|Any CPU = Release|Any CPU
	EndGlobalSection
	GlobalSection(ProjectConfigurationPlatforms) = postSolution
		{1673C881-D17E-4178-B14E-87ED2A28C9EF}.Debug|Any CPU.ActiveCfg = Debug|Any CPU
		{1673C881-D17E-4178-B14E-87ED2A28C9EF}.Debug|Any CPU.Build.0 = Debug|Any CPU
		{1673C881-D17E-4178-B14E-87ED2A28C9EF}.Debug|Any CPU.Deploy.0 = Debug|Any CPU
		{1673C881-D17E-4178-B14E-87ED2A28C9EF}.Release|Any CPU.ActiveCfg = Release|Any CPU
		{1673C881-D17E-4178-B14E-87ED2A28C9EF}.Release|Any CPU.Build.0 = Release|Any CPU
		{1673C881-D17E-4178-B14E-87ED2A28C9EF}.Release|Any CPU.Deploy.0 = Release|Any CPU
	EndGlobalSection
	GlobalSection(SolutionProperties) = preSolution
		HideSolutionNode = FALSE
	EndGlobalSection
	GlobalSection(ExtensibilityGlobals) = postSolution
		SolutionGuid = {28370FB2-FCEC-4067-94EA-7C39BC76FD27}
	EndGlobalSection
EndGlobal
